
Microsoft Visual Studio Solution File, Format Version 12.00
# Visual Studio Version 17
VisualStudioVersion = 17.1.32407.343
MinimumVisualStudioVersion = 10.0.40219.1
Project("{FAE04EC0-301F-11D3-BF4B-00C04F79EFBC}") = "Interception.Postsharp", "Interception.Postsharp\Interception.Postsharp.csproj", "{6456727C-9262-4DD0-978D-EFBB229306C2}"
EndProject
Project("{FAE04EC0-301F-11D3-BF4B-00C04F79EFBC}") = "Spike", "Spike\Spike.csproj", "{DB38257F-73D9-46BE-8F47-C2497D6A6083}"
EndProject
Global
	GlobalSection(SolutionConfigurationPlatforms) = preSolution
		Debug|Any CPU = Debug|Any CPU
		Release|Any CPU = Release|Any CPU
	EndGlobalSection
	GlobalSection(ProjectConfigurationPlatforms) = postSolution
		{6456727C-9262-4DD0-978D-EFBB229306C2}.Debug|Any CPU.ActiveCfg = Debug|Any CPU
		{6456727C-9262-4DD0-978D-EFBB229306C2}.Debug|Any CPU.Build.0 = Debug|Any CPU
		{6456727C-9262-4DD0-978D-EFBB229306C2}.Release|Any CPU.ActiveCfg = Release|Any CPU
		{6456727C-9262-4DD0-978D-EFBB229306C2}.Release|Any CPU.Build.0 = Release|Any CPU
		{DB38257F-73D9-46BE-8F47-C2497D6A6083}.Debug|Any CPU.ActiveCfg = Debug|Any CPU
		{DB38257F-73D9-46BE-8F47-C2497D6A6083}.Debug|Any CPU.Build.0 = Debug|Any CPU
		{DB38257F-73D9-46BE-8F47-C2497D6A6083}.Release|Any CPU.ActiveCfg = Release|Any CPU
		{DB38257F-73D9-46BE-8F47-C2497D6A6083}.Release|Any CPU.Build.0 = Release|Any CPU
	EndGlobalSection
	GlobalSection(SolutionProperties) = preSolution
		HideSolutionNode = FALSE
	EndGlobalSection
	GlobalSection(ExtensibilityGlobals) = postSolution
		SolutionGuid = {550A032D-99F8-4228-A16D-202701D41EAB}
	EndGlobalSection
EndGlobal
